
Microsoft Visual Studio Solution File, Format Version 12.00
# Visual Studio Version 17
VisualStudioVersion = 17.0.32112.339
MinimumVisualStudioVersion = 10.0.40219.1
Project("{FAE04EC0-301F-11D3-BF4B-00C04F79EFBC}") = "a3_seantrudeln01525609_http5112webdev1c", "a3_seantrudeln01525609_http5112webdev1c.csproj", "{51A9D600-5EC8-44D5-B101-548CFB99273D}"
EndProject
Global
	GlobalSection(SolutionConfigurationPlatforms) = preSolution
		Debug|Any CPU = Debug|Any CPU
		Release|Any CPU = Release|Any CPU
	EndGlobalSection
	GlobalSection(ProjectConfigurationPlatforms) = postSolution
		{51A9D600-5EC8-44D5-B101-548CFB99273D}.Debug|Any CPU.ActiveCfg = Debug|Any CPU
		{51A9D600-5EC8-44D5-B101-548CFB99273D}.Debug|Any CPU.Build.0 = Debug|Any CPU
		{51A9D600-5EC8-44D5-B101-548CFB99273D}.Release|Any CPU.ActiveCfg = Release|Any CPU
		{51A9D600-5EC8-44D5-B101-548CFB99273D}.Release|Any CPU.Build.0 = Release|Any CPU
	EndGlobalSection
	GlobalSection(SolutionProperties) = preSolution
		HideSolutionNode = FALSE
	EndGlobalSection
	GlobalSection(ExtensibilityGlobals) = postSolution
		SolutionGuid = {82CCDA26-8808-4490-8F3D-03A73701EB95}
	EndGlobalSection
EndGlobal
